
Microsoft Visual Studio Solution File, Format Version 12.00
# Visual Studio 15
VisualStudioVersion = 15.0.28307.271
MinimumVisualStudioVersion = 10.0.40219.1
Project("{FAE04EC0-301F-11D3-BF4B-00C04F79EFBC}") = "DoNetDrive.Protocol.USB.OfflinePatrol.Test", "DoNetDrive.Protocol.USB.OfflinePatrol.Test.csproj", "{AD1D9691-E423-4C0D-BFCB-4FB7CF0F3380}"
EndProject
Global
	GlobalSection(SolutionConfigurationPlatforms) = preSolution
		Debug|Any CPU = Debug|Any CPU
		Release|Any CPU = Release|Any CPU
	EndGlobalSection
	GlobalSection(ProjectConfigurationPlatforms) = postSolution
		{AD1D9691-E423-4C0D-BFCB-4FB7CF0F3380}.Debug|Any CPU.ActiveCfg = Debug|Any CPU
		{AD1D9691-E423-4C0D-BFCB-4FB7CF0F3380}.Debug|Any CPU.Build.0 = Debug|Any CPU
		{AD1D9691-E423-4C0D-BFCB-4FB7CF0F3380}.Release|Any CPU.ActiveCfg = Release|Any CPU
		{AD1D9691-E423-4C0D-BFCB-4FB7CF0F3380}.Release|Any CPU.Build.0 = Release|Any CPU
	EndGlobalSection
	GlobalSection(SolutionProperties) = preSolution
		HideSolutionNode = FALSE
	EndGlobalSection
	GlobalSection(ExtensibilityGlobals) = postSolution
		SolutionGuid = {6ECFA71E-D8E9-4D6D-8651-D4983420E777}
	EndGlobalSection
EndGlobal
