
Microsoft Visual Studio Solution File, Format Version 12.00
# Visual Studio Version 16
VisualStudioVersion = 16.0.28922.388
MinimumVisualStudioVersion = 10.0.40219.1
Project("{FAE04EC0-301F-11D3-BF4B-00C04F79EFBC}") = "DotNetDrive.Protocol.POS", "FCARDIO.Protocol.POS\POS\DotNetDrive.Protocol.POS.csproj", "{0F4EB837-9C7D-4365-8496-BEBECCC4B3D1}"
EndProject
Project("{FAE04EC0-301F-11D3-BF4B-00C04F79EFBC}") = "DotNetDrive.Protocol.POSTests", "FCARDIO.Protocol.POS\FCARDIO.Protocol.POSTests\DotNetDrive.Protocol.POSTests.csproj", "{B1C349F6-CA0C-4A4D-9472-2DCAB87AC0DF}"
EndProject
Project("{FAE04EC0-301F-11D3-BF4B-00C04F79EFBC}") = "DoNetDrive.Protocol.Door", "FCARDIO.Protocol.Door\DoNetDrive.Protocol.Door.csproj", "{14F89726-B7E7-4222-BFCF-C63148B5B34D}"
EndProject
Global
	GlobalSection(SolutionConfigurationPlatforms) = preSolution
		Debug|Any CPU = Debug|Any CPU
		Debug|x86 = Debug|x86
		Release|Any CPU = Release|Any CPU
		Release|x86 = Release|x86
	EndGlobalSection
	GlobalSection(ProjectConfigurationPlatforms) = postSolution
		{0F4EB837-9C7D-4365-8496-BEBECCC4B3D1}.Debug|Any CPU.ActiveCfg = Debug|Any CPU
		{0F4EB837-9C7D-4365-8496-BEBECCC4B3D1}.Debug|Any CPU.Build.0 = Debug|Any CPU
		{0F4EB837-9C7D-4365-8496-BEBECCC4B3D1}.Debug|x86.ActiveCfg = Debug|Any CPU
		{0F4EB837-9C7D-4365-8496-BEBECCC4B3D1}.Debug|x86.Build.0 = Debug|Any CPU
		{0F4EB837-9C7D-4365-8496-BEBECCC4B3D1}.Release|Any CPU.ActiveCfg = Release|Any CPU
		{0F4EB837-9C7D-4365-8496-BEBECCC4B3D1}.Release|Any CPU.Build.0 = Release|Any CPU
		{0F4EB837-9C7D-4365-8496-BEBECCC4B3D1}.Release|x86.ActiveCfg = Release|Any CPU
		{0F4EB837-9C7D-4365-8496-BEBECCC4B3D1}.Release|x86.Build.0 = Release|Any CPU
		{B1C349F6-CA0C-4A4D-9472-2DCAB87AC0DF}.Debug|Any CPU.ActiveCfg = Debug|Any CPU
		{B1C349F6-CA0C-4A4D-9472-2DCAB87AC0DF}.Debug|Any CPU.Build.0 = Debug|Any CPU
		{B1C349F6-CA0C-4A4D-9472-2DCAB87AC0DF}.Debug|x86.ActiveCfg = Debug|Any CPU
		{B1C349F6-CA0C-4A4D-9472-2DCAB87AC0DF}.Debug|x86.Build.0 = Debug|Any CPU
		{B1C349F6-CA0C-4A4D-9472-2DCAB87AC0DF}.Release|Any CPU.ActiveCfg = Release|Any CPU
		{B1C349F6-CA0C-4A4D-9472-2DCAB87AC0DF}.Release|Any CPU.Build.0 = Release|Any CPU
		{B1C349F6-CA0C-4A4D-9472-2DCAB87AC0DF}.Release|x86.ActiveCfg = Release|Any CPU
		{B1C349F6-CA0C-4A4D-9472-2DCAB87AC0DF}.Release|x86.Build.0 = Release|Any CPU
		{14F89726-B7E7-4222-BFCF-C63148B5B34D}.Debug|Any CPU.ActiveCfg = Debug|Any CPU
		{14F89726-B7E7-4222-BFCF-C63148B5B34D}.Debug|Any CPU.Build.0 = Debug|Any CPU
		{14F89726-B7E7-4222-BFCF-C63148B5B34D}.Debug|x86.ActiveCfg = Debug|x86
		{14F89726-B7E7-4222-BFCF-C63148B5B34D}.Debug|x86.Build.0 = Debug|x86
		{14F89726-B7E7-4222-BFCF-C63148B5B34D}.Release|Any CPU.ActiveCfg = Release|Any CPU
		{14F89726-B7E7-4222-BFCF-C63148B5B34D}.Release|Any CPU.Build.0 = Release|Any CPU
		{14F89726-B7E7-4222-BFCF-C63148B5B34D}.Release|x86.ActiveCfg = Release|x86
		{14F89726-B7E7-4222-BFCF-C63148B5B34D}.Release|x86.Build.0 = Release|x86
	EndGlobalSection
	GlobalSection(SolutionProperties) = preSolution
		HideSolutionNode = FALSE
	EndGlobalSection
	GlobalSection(ExtensibilityGlobals) = postSolution
		SolutionGuid = {5AB0EC89-E49A-45E9-83D2-D2DC35B6211D}
	EndGlobalSection
EndGlobal
