
Microsoft Visual Studio Solution File, Format Version 12.00
# Visual Studio Version 16
VisualStudioVersion = 16.0.28922.388
MinimumVisualStudioVersion = 10.0.40219.1
Project("{FAE04EC0-301F-11D3-BF4B-00C04F79EFBC}") = "DoNetDrive.Protocol.Fingerprint", "FCARDIO.Protocol.Fingerprint\Fingerprint\DoNetDrive.Protocol.Fingerprint.csproj", "{4639E7F7-83AA-4511-8FA8-369A79226B72}"
EndProject
Project("{FAE04EC0-301F-11D3-BF4B-00C04F79EFBC}") = "DoNetDrive.Protocol.Fingerprint.Test", "FCARDIO.Protocol.Fingerprint.Test\DoNetDrive.Protocol.Fingerprint.Test.csproj", "{57AF3F61-0A46-4BEB-A474-D21A0A07F4D1}"
EndProject
Project("{F184B08F-C81C-45F6-A57F-5ABD9991F28F}") = "DoNetDrive.Protocol", "..\DoNet版通讯动态库V2\FCARDIO.Protocol\FCARDIO.Protocol\DoNetDrive.Protocol.vbproj", "{4C9B06E5-DA6B-49AF-8E4D-A0D75046C044}"
EndProject
Project("{F184B08F-C81C-45F6-A57F-5ABD9991F28F}") = "DoNetDrive.Core", "..\DoNet版通讯动态库V2\FCARDIO.Core\FCARDIO.Core\DoNetDrive.Core.vbproj", "{A149C4D3-2209-408F-A0DE-D9EB8E0FA492}"
EndProject
Project("{FAE04EC0-301F-11D3-BF4B-00C04F79EFBC}") = "DoNetDrive.Protocol.Door", "FCARDIO.Protocol.Door\DoNetDrive.Protocol.Door.csproj", "{14F89726-B7E7-4222-BFCF-C63148B5B34D}"
EndProject
Global
	GlobalSection(SolutionConfigurationPlatforms) = preSolution
		Debug|Any CPU = Debug|Any CPU
		Debug|x86 = Debug|x86
		Release|Any CPU = Release|Any CPU
		Release|x86 = Release|x86
	EndGlobalSection
	GlobalSection(ProjectConfigurationPlatforms) = postSolution
		{4639E7F7-83AA-4511-8FA8-369A79226B72}.Debug|Any CPU.ActiveCfg = Debug|Any CPU
		{4639E7F7-83AA-4511-8FA8-369A79226B72}.Debug|Any CPU.Build.0 = Debug|Any CPU
		{4639E7F7-83AA-4511-8FA8-369A79226B72}.Debug|x86.ActiveCfg = Debug|Any CPU
		{4639E7F7-83AA-4511-8FA8-369A79226B72}.Debug|x86.Build.0 = Debug|Any CPU
		{4639E7F7-83AA-4511-8FA8-369A79226B72}.Release|Any CPU.ActiveCfg = Release|Any CPU
		{4639E7F7-83AA-4511-8FA8-369A79226B72}.Release|Any CPU.Build.0 = Release|Any CPU
		{4639E7F7-83AA-4511-8FA8-369A79226B72}.Release|x86.ActiveCfg = Release|Any CPU
		{4639E7F7-83AA-4511-8FA8-369A79226B72}.Release|x86.Build.0 = Release|Any CPU
		{57AF3F61-0A46-4BEB-A474-D21A0A07F4D1}.Debug|Any CPU.ActiveCfg = Debug|Any CPU
		{57AF3F61-0A46-4BEB-A474-D21A0A07F4D1}.Debug|Any CPU.Build.0 = Debug|Any CPU
		{57AF3F61-0A46-4BEB-A474-D21A0A07F4D1}.Debug|x86.ActiveCfg = Debug|Any CPU
		{57AF3F61-0A46-4BEB-A474-D21A0A07F4D1}.Debug|x86.Build.0 = Debug|Any CPU
		{57AF3F61-0A46-4BEB-A474-D21A0A07F4D1}.Release|Any CPU.ActiveCfg = Release|Any CPU
		{57AF3F61-0A46-4BEB-A474-D21A0A07F4D1}.Release|Any CPU.Build.0 = Release|Any CPU
		{57AF3F61-0A46-4BEB-A474-D21A0A07F4D1}.Release|x86.ActiveCfg = Release|Any CPU
		{57AF3F61-0A46-4BEB-A474-D21A0A07F4D1}.Release|x86.Build.0 = Release|Any CPU
		{4C9B06E5-DA6B-49AF-8E4D-A0D75046C044}.Debug|Any CPU.ActiveCfg = Debug|Any CPU
		{4C9B06E5-DA6B-49AF-8E4D-A0D75046C044}.Debug|Any CPU.Build.0 = Debug|Any CPU
		{4C9B06E5-DA6B-49AF-8E4D-A0D75046C044}.Debug|x86.ActiveCfg = Debug|Any CPU
		{4C9B06E5-DA6B-49AF-8E4D-A0D75046C044}.Debug|x86.Build.0 = Debug|Any CPU
		{4C9B06E5-DA6B-49AF-8E4D-A0D75046C044}.Release|Any CPU.ActiveCfg = Release|Any CPU
		{4C9B06E5-DA6B-49AF-8E4D-A0D75046C044}.Release|Any CPU.Build.0 = Release|Any CPU
		{4C9B06E5-DA6B-49AF-8E4D-A0D75046C044}.Release|x86.ActiveCfg = Release|Any CPU
		{4C9B06E5-DA6B-49AF-8E4D-A0D75046C044}.Release|x86.Build.0 = Release|Any CPU
		{A149C4D3-2209-408F-A0DE-D9EB8E0FA492}.Debug|Any CPU.ActiveCfg = Debug|Any CPU
		{A149C4D3-2209-408F-A0DE-D9EB8E0FA492}.Debug|Any CPU.Build.0 = Debug|Any CPU
		{A149C4D3-2209-408F-A0DE-D9EB8E0FA492}.Debug|x86.ActiveCfg = Debug|Any CPU
		{A149C4D3-2209-408F-A0DE-D9EB8E0FA492}.Debug|x86.Build.0 = Debug|Any CPU
		{A149C4D3-2209-408F-A0DE-D9EB8E0FA492}.Release|Any CPU.ActiveCfg = Release|Any CPU
		{A149C4D3-2209-408F-A0DE-D9EB8E0FA492}.Release|Any CPU.Build.0 = Release|Any CPU
		{A149C4D3-2209-408F-A0DE-D9EB8E0FA492}.Release|x86.ActiveCfg = Release|Any CPU
		{A149C4D3-2209-408F-A0DE-D9EB8E0FA492}.Release|x86.Build.0 = Release|Any CPU
		{14F89726-B7E7-4222-BFCF-C63148B5B34D}.Debug|Any CPU.ActiveCfg = Debug|Any CPU
		{14F89726-B7E7-4222-BFCF-C63148B5B34D}.Debug|Any CPU.Build.0 = Debug|Any CPU
		{14F89726-B7E7-4222-BFCF-C63148B5B34D}.Debug|x86.ActiveCfg = Debug|x86
		{14F89726-B7E7-4222-BFCF-C63148B5B34D}.Debug|x86.Build.0 = Debug|x86
		{14F89726-B7E7-4222-BFCF-C63148B5B34D}.Release|Any CPU.ActiveCfg = Release|Any CPU
		{14F89726-B7E7-4222-BFCF-C63148B5B34D}.Release|Any CPU.Build.0 = Release|Any CPU
		{14F89726-B7E7-4222-BFCF-C63148B5B34D}.Release|x86.ActiveCfg = Release|x86
		{14F89726-B7E7-4222-BFCF-C63148B5B34D}.Release|x86.Build.0 = Release|x86
	EndGlobalSection
	GlobalSection(SolutionProperties) = preSolution
		HideSolutionNode = FALSE
	EndGlobalSection
	GlobalSection(ExtensibilityGlobals) = postSolution
		SolutionGuid = {1F8806D1-3529-46B3-B770-DEF73E8B4FFE}
	EndGlobalSection
EndGlobal
