
Microsoft Visual Studio Solution File, Format Version 12.00
# Visual Studio Version 16
VisualStudioVersion = 16.0.28922.388
MinimumVisualStudioVersion = 10.0.40219.1
Project("{FAE04EC0-301F-11D3-BF4B-00C04F79EFBC}") = "FCARDIO.Protocol.Door", "FCARDIO.Protocol.Door\FCARDIO.Protocol.Door.csproj", "{14F89726-B7E7-4222-BFCF-C63148B5B34D}"
EndProject
Project("{FAE04EC0-301F-11D3-BF4B-00C04F79EFBC}") = "FCARDIO.Protocol.Util", "FCARDIO.Protocol.Util\FCARDIO.Protocol.Util.csproj", "{E2174F51-6A95-410D-A33E-7B7BF4B18671}"
EndProject
Project("{FAE04EC0-301F-11D3-BF4B-00C04F79EFBC}") = "FCARDIO.Protocol.Door.Test", "FCARDIO.Protocol.Door.Test\FCARDIO.Protocol.Door.Test.csproj", "{633A64B2-9235-4E8D-AC83-FEA4B0BB7A1A}"
EndProject
Global
	GlobalSection(SolutionConfigurationPlatforms) = preSolution
		Debug|Any CPU = Debug|Any CPU
		Debug|x86 = Debug|x86
		Release|Any CPU = Release|Any CPU
		Release|x86 = Release|x86
	EndGlobalSection
	GlobalSection(ProjectConfigurationPlatforms) = postSolution
		{14F89726-B7E7-4222-BFCF-C63148B5B34D}.Debug|Any CPU.ActiveCfg = Debug|Any CPU
		{14F89726-B7E7-4222-BFCF-C63148B5B34D}.Debug|Any CPU.Build.0 = Debug|Any CPU
		{14F89726-B7E7-4222-BFCF-C63148B5B34D}.Debug|x86.ActiveCfg = Debug|x86
		{14F89726-B7E7-4222-BFCF-C63148B5B34D}.Debug|x86.Build.0 = Debug|x86
		{14F89726-B7E7-4222-BFCF-C63148B5B34D}.Release|Any CPU.ActiveCfg = Release|Any CPU
		{14F89726-B7E7-4222-BFCF-C63148B5B34D}.Release|Any CPU.Build.0 = Release|Any CPU
		{14F89726-B7E7-4222-BFCF-C63148B5B34D}.Release|x86.ActiveCfg = Release|x86
		{14F89726-B7E7-4222-BFCF-C63148B5B34D}.Release|x86.Build.0 = Release|x86
		{E2174F51-6A95-410D-A33E-7B7BF4B18671}.Debug|Any CPU.ActiveCfg = Debug|Any CPU
		{E2174F51-6A95-410D-A33E-7B7BF4B18671}.Debug|Any CPU.Build.0 = Debug|Any CPU
		{E2174F51-6A95-410D-A33E-7B7BF4B18671}.Debug|x86.ActiveCfg = Debug|x86
		{E2174F51-6A95-410D-A33E-7B7BF4B18671}.Debug|x86.Build.0 = Debug|x86
		{E2174F51-6A95-410D-A33E-7B7BF4B18671}.Release|Any CPU.ActiveCfg = Release|Any CPU
		{E2174F51-6A95-410D-A33E-7B7BF4B18671}.Release|Any CPU.Build.0 = Release|Any CPU
		{E2174F51-6A95-410D-A33E-7B7BF4B18671}.Release|x86.ActiveCfg = Release|x86
		{E2174F51-6A95-410D-A33E-7B7BF4B18671}.Release|x86.Build.0 = Release|x86
		{633A64B2-9235-4E8D-AC83-FEA4B0BB7A1A}.Debug|Any CPU.ActiveCfg = Debug|Any CPU
		{633A64B2-9235-4E8D-AC83-FEA4B0BB7A1A}.Debug|Any CPU.Build.0 = Debug|Any CPU
		{633A64B2-9235-4E8D-AC83-FEA4B0BB7A1A}.Debug|x86.ActiveCfg = Debug|x86
		{633A64B2-9235-4E8D-AC83-FEA4B0BB7A1A}.Debug|x86.Build.0 = Debug|x86
		{633A64B2-9235-4E8D-AC83-FEA4B0BB7A1A}.Release|Any CPU.ActiveCfg = Release|Any CPU
		{633A64B2-9235-4E8D-AC83-FEA4B0BB7A1A}.Release|Any CPU.Build.0 = Release|Any CPU
		{633A64B2-9235-4E8D-AC83-FEA4B0BB7A1A}.Release|x86.ActiveCfg = Release|x86
		{633A64B2-9235-4E8D-AC83-FEA4B0BB7A1A}.Release|x86.Build.0 = Release|x86
	EndGlobalSection
	GlobalSection(SolutionProperties) = preSolution
		HideSolutionNode = FALSE
	EndGlobalSection
	GlobalSection(ExtensibilityGlobals) = postSolution
		SolutionGuid = {8B4B7921-E8EA-4559-93E6-2EA76CE497AF}
	EndGlobalSection
EndGlobal
