
Microsoft Visual Studio Solution File, Format Version 12.00
# Visual Studio Version 16
VisualStudioVersion = 16.0.28922.388
MinimumVisualStudioVersion = 10.0.40219.1
Project("{FAE04EC0-301F-11D3-BF4B-00C04F79EFBC}") = "FCARDIO.Protocol.USB.Test", "G:\工作svn\FCARDIO.Protocol.Door\FCARDIO.Protocol.USB.Test\FCARDIO.Protocol.USB.Test.csproj", "{AD1D9691-E423-4C0D-BFCB-4FB7CF0F3380}"
EndProject
Project("{FAE04EC0-301F-11D3-BF4B-00C04F79EFBC}") = "FCARDIO.Protocol.Door.OfflinePatrol", "FCARDIO.Protocol.Door.OfflinePatrol\FCARDIO.Protocol.Door.OfflinePatrol.csproj", "{69B0709D-F370-41D8-BE55-C115FEF3730E}"
EndProject
Global
	GlobalSection(SolutionConfigurationPlatforms) = preSolution
		Debug|Any CPU = Debug|Any CPU
		Release|Any CPU = Release|Any CPU
	EndGlobalSection
	GlobalSection(ProjectConfigurationPlatforms) = postSolution
		{AD1D9691-E423-4C0D-BFCB-4FB7CF0F3380}.Debug|Any CPU.ActiveCfg = Debug|Any CPU
		{AD1D9691-E423-4C0D-BFCB-4FB7CF0F3380}.Debug|Any CPU.Build.0 = Debug|Any CPU
		{AD1D9691-E423-4C0D-BFCB-4FB7CF0F3380}.Release|Any CPU.ActiveCfg = Release|Any CPU
		{AD1D9691-E423-4C0D-BFCB-4FB7CF0F3380}.Release|Any CPU.Build.0 = Release|Any CPU
		{69B0709D-F370-41D8-BE55-C115FEF3730E}.Debug|Any CPU.ActiveCfg = Debug|Any CPU
		{69B0709D-F370-41D8-BE55-C115FEF3730E}.Debug|Any CPU.Build.0 = Debug|Any CPU
		{69B0709D-F370-41D8-BE55-C115FEF3730E}.Release|Any CPU.ActiveCfg = Release|Any CPU
		{69B0709D-F370-41D8-BE55-C115FEF3730E}.Release|Any CPU.Build.0 = Release|Any CPU
	EndGlobalSection
	GlobalSection(SolutionProperties) = preSolution
		HideSolutionNode = FALSE
	EndGlobalSection
	GlobalSection(ExtensibilityGlobals) = postSolution
		SolutionGuid = {BDDC598D-1C9E-49D4-9B9E-759946212D6A}
	EndGlobalSection
EndGlobal
